{
  "name": "@mojule/db-app",
  "version": "0.1.0",
  "lockfileVersion": 2,
  "requires": true,
  "packages": {
    "": {
      "name": "@mojule/db-app",
      "version": "0.1.0",
      "license": "MIT",
      "dependencies": {
        "lodash.kebabcase": "^4.1.1",
        "mingo": "^4.1.2"
      },
      "devDependencies": {
        "@types/lodash.kebabcase": "^4.1.6",
        "@types/node": "^14.14.37"
      }
    },
    "node_modules/@types/lodash": {
      "version": "4.14.168",
      "resolved": "https://registry.npmjs.org/@types/lodash/-/lodash-4.14.168.tgz",
      "integrity": "sha512-oVfRvqHV/V6D1yifJbVRU3TMp8OT6o6BG+U9MkwuJ3U8/CsDHvalRpsxBqivn71ztOFZBTfJMvETbqHiaNSj7Q==",
      "dev": true
    },
    "node_modules/@types/lodash.kebabcase": {
      "version": "4.1.6",
      "resolved": "https://registry.npmjs.org/@types/lodash.kebabcase/-/lodash.kebabcase-4.1.6.tgz",
      "integrity": "sha512-+RAD9pCAa8kuVyCYTeDNiwBXwD/0u0p+hos3NSqD+tXTjJextbfF3farfYB+ssAKgEssoewXEtBsfwBpsI7gsA==",
      "dev": true,
      "dependencies": {
        "@types/lodash": "*"
      }
    },
    "node_modules/@types/node": {
      "version": "14.14.37",
      "resolved": "https://registry.npmjs.org/@types/node/-/node-14.14.37.tgz",
      "integrity": "sha512-XYmBiy+ohOR4Lh5jE379fV2IU+6Jn4g5qASinhitfyO71b/sCo6MKsMLF5tc7Zf2CE8hViVQyYSobJNke8OvUw==",
      "dev": true
    },
    "node_modules/lodash.kebabcase": {
      "version": "4.1.1",
      "resolved": "https://registry.npmjs.org/lodash.kebabcase/-/lodash.kebabcase-4.1.1.tgz",
      "integrity": "sha1-hImxyw0p/4gZXM7KRI/21swpXDY="
    },
    "node_modules/mingo": {
      "version": "4.1.2",
      "resolved": "https://registry.npmjs.org/mingo/-/mingo-4.1.2.tgz",
      "integrity": "sha512-WQKhtFDV7nRIMlPP7tfo0Zx4bpvmhfBuHKvNPA9DbISjYJtrU4g1kacQPxPhMSEebJ6tGz7pHXDzQOyANpJ9jA=="
    }
  },
  "dependencies": {
    "@types/lodash": {
      "version": "4.14.168",
      "resolved": "https://registry.npmjs.org/@types/lodash/-/lodash-4.14.168.tgz",
      "integrity": "sha512-oVfRvqHV/V6D1yifJbVRU3TMp8OT6o6BG+U9MkwuJ3U8/CsDHvalRpsxBqivn71ztOFZBTfJMvETbqHiaNSj7Q==",
      "dev": true
    },
    "@types/lodash.kebabcase": {
      "version": "4.1.6",
      "resolved": "https://registry.npmjs.org/@types/lodash.kebabcase/-/lodash.kebabcase-4.1.6.tgz",
      "integrity": "sha512-+RAD9pCAa8kuVyCYTeDNiwBXwD/0u0p+hos3NSqD+tXTjJextbfF3farfYB+ssAKgEssoewXEtBsfwBpsI7gsA==",
      "dev": true,
      "requires": {
        "@types/lodash": "*"
      }
    },
    "@types/node": {
      "version": "14.14.37",
      "resolved": "https://registry.npmjs.org/@types/node/-/node-14.14.37.tgz",
      "integrity": "sha512-XYmBiy+ohOR4Lh5jE379fV2IU+6Jn4g5qASinhitfyO71b/sCo6MKsMLF5tc7Zf2CE8hViVQyYSobJNke8OvUw==",
      "dev": true
    },
    "lodash.kebabcase": {
      "version": "4.1.1",
      "resolved": "https://registry.npmjs.org/lodash.kebabcase/-/lodash.kebabcase-4.1.1.tgz",
      "integrity": "sha1-hImxyw0p/4gZXM7KRI/21swpXDY="
    },
    "mingo": {
      "version": "4.1.2",
      "resolved": "https://registry.npmjs.org/mingo/-/mingo-4.1.2.tgz",
      "integrity": "sha512-WQKhtFDV7nRIMlPP7tfo0Zx4bpvmhfBuHKvNPA9DbISjYJtrU4g1kacQPxPhMSEebJ6tGz7pHXDzQOyANpJ9jA=="
    }
  }
}
